# This file is autogenerated, do not edit; changes may be undone by the next 'dep ensure'.


[[projects]]
  digest = "1:30ac431ddf8227c3e378f04524c20a4570bb28ce90c0d5aec2f71793f7101540"
  name = "cloud.google.com/go"
  packages = [
    ".",
    "compute/metadata",
    "iam",
    "internal",
    "internal/optional",
    "internal/trace",
    "internal/version",
    "storage",
  ]
  pruneopts = "NUT"
  revision = "6daa679260d92196ffca2362d652c924fdcb7a22"
  version = "v0.52.0"

[[projects]]
  digest = "1:41531922c7f47d5157308b4dd1abc6142c4c583845ce424ed9664db867fa48cf"
  name = "code.cloudfoundry.org/clock"
  packages = [
    ".",
    "fakeclock",
  ]
  pruneopts = "NUT"
  revision = "02e53af36e6c978af692887ed449b74026d76fec"
  version = "1.0.0"

[[projects]]
  branch = "master"
  digest = "1:01b441faa3ff0ad22ace4d3583b2d6d1e27bee4efb8b9024f23c2688b622ed42"
  name = "code.cloudfoundry.org/tlsconfig"
  packages = ["."]
  pruneopts = "NUT"
  revision = "bbe0f8da39b3c59d42217afcc79019c754dabdfb"

[[projects]]
  branch = "master"
  digest = "1:f453609f5ec21107c7e519b6859070ac60ff163ae1c045b8ea82becc5bb63933"
  name = "code.cloudfoundry.org/workpool"
  packages = ["."]
  pruneopts = "NUT"
  revision = "2ac56b3541156ef8351c52058f3ac6f1457e4edf"

[[projects]]
  digest = "1:5d72bbcc9c8667b11c3dc3cbe681c5a6f71e5096744c0bf7726ab5c6425d5dc4"
  name = "github.com/BurntSushi/toml"
  packages = ["."]
  pruneopts = "NUT"
  revision = "3012a1dbe2e4bd1391d42b32f0577cb7bbc7f005"
  version = "v0.3.1"

[[projects]]
  digest = "1:11254e297f87d600be1446f4955c372e0b318219b2c7bdfa21f7bbe311be43cd"
  name = "github.com/aws/aws-sdk-go"
  packages = [
    "aws",
    "aws/arn",
    "aws/awserr",
    "aws/awsutil",
    "aws/client",
    "aws/client/metadata",
    "aws/corehandlers",
    "aws/credentials",
    "aws/credentials/ec2rolecreds",
    "aws/credentials/endpointcreds",
    "aws/credentials/processcreds",
    "aws/credentials/stscreds",
    "aws/csm",
    "aws/defaults",
    "aws/ec2metadata",
    "aws/endpoints",
    "aws/request",
    "aws/session",
    "aws/signer/v4",
    "internal/ini",
    "internal/s3err",
    "internal/sdkio",
    "internal/sdkmath",
    "internal/sdkrand",
    "internal/sdkuri",
    "internal/shareddefaults",
    "internal/strings",
    "private/protocol",
    "private/protocol/eventstream",
    "private/protocol/eventstream/eventstreamapi",
    "private/protocol/json/jsonutil",
    "private/protocol/query",
    "private/protocol/query/queryutil",
    "private/protocol/rest",
    "private/protocol/restxml",
    "private/protocol/xml/xmlutil",
    "service/s3",
    "service/s3/internal/arn",
    "service/s3/s3iface",
    "service/s3/s3manager",
    "service/sts",
    "service/sts/stsiface",
  ]
  pruneopts = "NUT"
  revision = "6ddc79ea5d2dd6bdb065c4d840c5759e548920d9"
  version = "v1.28.13"

[[projects]]
  digest = "1:db1f64ceacde0c4302dc0de285cc9800949d5e1eaa8982bbd435f3d1f6896f57"
  name = "github.com/bmatcuk/doublestar"
  packages = ["."]
  pruneopts = "NUT"
  revision = "50be492faef103d1904fec6e1019454b07cdb03f"
  version = "v1.2.2"

[[projects]]
  branch = "master"
  digest = "1:58927c45bfdcd6550e5f1ab008eeeb6951474a232afa1dc690583f26c5f92cbd"
  name = "github.com/charlievieth/fs"
  packages = ["."]
  pruneopts = "NUT"
  revision = "7dc373669fa10ddf827c37c595dee30a2f001be9"

[[projects]]
  digest = "1:6e9b4327f6f36cdb421c0de3c146e787a74cc0e48f782537af71925eb4e4be00"
  name = "github.com/cheggaaa/pb"
  packages = ["."]
  pruneopts = "NUT"
  revision = "ca7ab10606663e9efdbc3c1ad157459b5a2b0edf"
  version = "v3.0.4"

[[projects]]
  digest = "1:72d9e0148fe773c256fa389c1ac712f9bcfb05491fa2ac42df17a5205db78996"
  name = "github.com/cloudfoundry/bosh-agent"
  packages = [
    "agentclient",
    "agentclient/applyspec",
    "agentclient/fakes",
    "agentclient/http",
    "agentclient/http/mocks",
  ]
  pruneopts = "NUT"
  revision = "89c8dfd6c70f29d382e192b1b2a1b30433351490"
  version = "v2.301.0"

[[projects]]
  digest = "1:cdc7f46faba2071f358ede930289d551b3e8bf1a732cd44fa3fe694479bd0fb4"
  name = "github.com/cloudfoundry/bosh-davcli"
  packages = [
    "client",
    "client/fakes",
    "config",
    "signer",
  ]
  pruneopts = "NUT"
  revision = "e06454561427e184e14dca98f979941cb017dc44"
  version = "v0.0.44"

[[projects]]
  digest = "1:fe0eb56bd74777ad6120c07fd0a609839cdca9e7729d7b1da5a6b650cab5be8d"
  name = "github.com/cloudfoundry/bosh-gcscli"
  packages = [
    "client",
    "config",
  ]
  pruneopts = "NUT"
  revision = "35a0da19fcef5c6d8476d01f3355a7d7a0f9624c"
  version = "v0.0.16"

[[projects]]
  digest = "1:a29a7a625408b8adda9703dd9a15e95e174642115d07863fb46f5c92c9a28f29"
  name = "github.com/cloudfoundry/bosh-s3cli"
  packages = [
    "client",
    "config",
  ]
  pruneopts = "NUT"
  revision = "c4624a03a42bb1815f3ba874c29555fa93a39bf2"
  version = "v0.0.94"

[[projects]]
  branch = "master"
  digest = "1:abd3220dc8915e412f142575d952832d893113fa2f6edb0f110da62a162b62cf"
  name = "github.com/cloudfoundry/bosh-utils"
  packages = [
    "blobstore",
    "blobstore/fakes",
    "crypto",
    "crypto/cryptofakes",
    "errors",
    "fileutil",
    "fileutil/fakes",
    "httpclient",
    "logger",
    "logger/file",
    "logger/loggerfakes",
    "property",
    "retrystrategy",
    "system",
    "system/fakes",
    "uuid",
    "uuid/fakes",
    "work",
  ]
  pruneopts = "NUT"
  revision = "cbe98f846f7e0d811862657c47badf911a06952e"

[[projects]]
  digest = "1:109df5bb4005edf534277102557bb43563f2fdfe7d2a2c6171c5562a0e7f0536"
  name = "github.com/cloudfoundry/config-server"
  packages = [
    "types",
    "types/typesfakes",
  ]
  pruneopts = "NUT"
  revision = "ddddbedcf4cf2036f1a3d4db40fbe896a2d100bc"
  version = "v0.1.21"

[[projects]]
  branch = "master"
  digest = "1:3d3a6beb04065e29628f9d4f8fefeca4cc96932a8b0b83a03e9a3405b3538c11"
  name = "github.com/cloudfoundry/go-socks5"
  packages = ["."]
  pruneopts = "NUT"
  revision = "54f73bdb8a8e85a6611d3d29ab9bbf98c2a060d7"

[[projects]]
  digest = "1:6422faebc7a4f3c8f58ff0af81002db6bd2f09204d6005611415163091947ad1"
  name = "github.com/cloudfoundry/socks5-proxy"
  packages = ["."]
  pruneopts = "NUT"
  revision = "633b6fe4c3d8d72a4e7397a948027db02a8e2a96"
  version = "v0.2.0"

[[projects]]
  digest = "1:bb50c52715ad389a1f8dbf6df68c4ef38f73769524f00d49fed3dc8b280f3a54"
  name = "github.com/cppforlife/go-patch"
  packages = ["patch"]
  pruneopts = "NUT"
  revision = "90228d47281247384683e5fded0f15afa3e5d29a"
  version = "v0.2.0"

[[projects]]
  branch = "master"
  digest = "1:6f6126af7313c78380367bb436b5a2ad8fc79ed0f4b3019ddd0ee1f8150e6877"
  name = "github.com/cppforlife/go-semi-semantic"
  packages = ["version"]
  pruneopts = "NUT"
  revision = "576b6af77ae4f3ccef356902fb3b9a9ae22e0b11"

[[projects]]
  digest = "1:b7ffca49e9cfd3dfb04a8e0a59347708c6f78f68476a32c5e0a0edca5d1b258c"
  name = "github.com/dustin/go-humanize"
  packages = ["."]
  pruneopts = "NUT"
  revision = "9f541cc9db5d55bce703bd99987c9d5cb8eea45e"
  version = "v1.0.0"

[[projects]]
  digest = "1:ade392a843b2035effb4b4a2efa2c3bab3eb29b992e98bacf9c898b0ecb54e45"
  name = "github.com/fatih/color"
  packages = ["."]
  pruneopts = "NUT"
  revision = "daf2830f2741ebb735b21709a520c5f37d642d85"
  version = "v1.9.0"

[[projects]]
  branch = "master"
  digest = "1:b7cb6054d3dff43b38ad2e92492f220f57ae6087ee797dca298139776749ace8"
  name = "github.com/golang/groupcache"
  packages = ["lru"]
  pruneopts = "NUT"
  revision = "8c9f03a8e57eb486e42badaed3fb287da51807ba"

[[projects]]
  digest = "1:7ae311278f7ccaa724de8f2cdec0a507ba3ee6dea8c77237e8157bcf64b0f28b"
  name = "github.com/golang/mock"
  packages = ["gomock"]
  pruneopts = "NUT"
  revision = "3dcdcb6994c4de42a73bd2e4790178be3ed4554b"
  version = "v1.4.0"

[[projects]]
  digest = "1:f9c80589a1c9a22cb011964b8fe012bad6eb6eb2193bcde94a10b89362d88a98"
  name = "github.com/golang/protobuf"
  packages = [
    "proto",
    "protoc-gen-go",
    "protoc-gen-go/descriptor",
    "protoc-gen-go/generator",
    "protoc-gen-go/generator/internal/remap",
    "protoc-gen-go/grpc",
    "protoc-gen-go/plugin",
    "ptypes",
    "ptypes/any",
    "ptypes/duration",
    "ptypes/timestamp",
  ]
  pruneopts = "NUT"
  revision = "d23c5127dc24889085f8ccea5c9d560a57a879d8"
  version = "v1.3.3"

[[projects]]
  digest = "1:4b76f3e067eed897a45242383a2aa4d0a2fdbf73a8d00c03167dba80c43630b1"
  name = "github.com/googleapis/gax-go"
  packages = ["v2"]
  pruneopts = "NUT"
  revision = "bd5b16380fd03dc758d11cef74ba2e3bc8b0e8c2"
  version = "v2.0.5"

[[projects]]
  digest = "1:f0d9d74edbd40fdeada436d5ac9cb5197407899af3fef85ff0137077ffe8ae19"
  name = "github.com/hashicorp/errwrap"
  packages = ["."]
  pruneopts = "NUT"
  revision = "8a6fb523712970c966eefc6b39ed2c5e74880354"
  version = "v1.0.0"

[[projects]]
  digest = "1:2ed138049ab373f696db2081ca48f15c5abdf20893803612a284f2bdce2bf443"
  name = "github.com/hashicorp/go-multierror"
  packages = ["."]
  pruneopts = "NUT"
  revision = "886a7fbe3eb1c874d46f623bfa70af45f425b3d1"
  version = "v1.0.0"

[[projects]]
  digest = "1:41933d387bfa3eaa6a82647914ed7044f7b8355764c24fb920892bc8c03ef0c3"
  name = "github.com/hpcloud/tail"
  packages = [
    ".",
    "ratelimiter",
    "util",
    "watch",
    "winfile",
  ]
  pruneopts = "NUT"
  revision = "a30252cb686a21eb2d0b98132633053ec2f7f1e5"
  version = "v1.0.0"

[[projects]]
  digest = "1:d0fbb40af7faf9cc62d1728be5fdd140ae17ce6e2aac6371971a0a6a2cc139d3"
  name = "github.com/jessevdk/go-flags"
  packages = ["."]
  pruneopts = "NUT"
  revision = "c6ca198ec95c841fdb89fc0de7496fed11ab854e"
  version = "v1.4.0"

[[projects]]
  digest = "1:1f2aebae7e7c856562355ec0198d8ca2fa222fb05e5b1b66632a1fce39631885"
  name = "github.com/jmespath/go-jmespath"
  packages = ["."]
  pruneopts = "NUT"
  revision = "c2b33e84"

[[projects]]
  digest = "1:ebd0081aed1cd0af2f65a362c0ceea985eae9fe72efb28cefb84eca3b98dd3a3"
  name = "github.com/jpillora/backoff"
  packages = ["."]
  pruneopts = "NUT"
  revision = "8eab2debe79d12b7bd3d10653910df25fa9552ba"
  version = "1.0.0"

[[projects]]
  digest = "1:2aee2c81817d3334cf3e85e99ffe9515315b4cb35e90b45ae2164c3b68fd7dcf"
  name = "github.com/jstemmer/go-junit-report"
  packages = [
    ".",
    "formatter",
    "parser",
  ]
  pruneopts = "NUT"
  revision = "cc1f095d5cc5eca2844f5c5ea7bb37f6b9bf6cac"
  version = "v0.9.1"

[[projects]]
  digest = "1:bced2617aac935b7931d43bdd5fd5ef3eacbb52291c61e423afe8037f6dd95f9"
  name = "github.com/mattn/go-colorable"
  packages = ["."]
  pruneopts = "NUT"
  revision = "98ec13f34aabf44cc914c65a1cfb7b9bc815aef1"
  version = "v0.1.4"

[[projects]]
  digest = "1:4c2c63bfd4c2ae0c5a9d7f75cab1f4fac4e8c2ce58f52a73322cefc9bdb4c5bd"
  name = "github.com/mattn/go-isatty"
  packages = ["."]
  pruneopts = "NUT"
  revision = "7b513a986450394f7bbf1476909911b3aa3a55ce"
  version = "v0.0.12"

[[projects]]
  digest = "1:f48d9e339b6bb8cfd5cd2c67836bb6b57273ba324d38d162618064bfa488792b"
  name = "github.com/mattn/go-runewidth"
  packages = ["."]
  pruneopts = "NUT"
  revision = "a4df4ddbff020e131056d91f580a1cdcd806e3ae"
  version = "v0.0.8"

[[projects]]
  digest = "1:0d33e8f4230cafee906332f45cc456ce2b66ac18a1edc40a9c87e3e68682d08b"
  name = "github.com/maxbrunsfeld/counterfeiter"
  packages = [
    ".",
    "arguments",
    "generator",
  ]
  pruneopts = "NUT"
  revision = "2d74a219416bffff638e30a3775c76715f1968a7"
  version = "v6.0.1"

[[projects]]
  branch = "master"
  digest = "1:16bbae9910129be5a18b951eabacd54414d3faea094dfab92bb3c84884d46b11"
  name = "github.com/nu7hatch/gouuid"
  packages = ["."]
  pruneopts = "NUT"
  revision = "179d4d0c4d8d407a32af483c2354df1d2c91e6c3"

[[projects]]
  digest = "1:0c3685dfb5eeea7eca642c582ef28765ae38d058c0be56c0c08134818949ff17"
  name = "github.com/onsi/ginkgo"
  packages = [
    ".",
    "config",
    "extensions/table",
    "ginkgo",
    "ginkgo/convert",
    "ginkgo/interrupthandler",
    "ginkgo/nodot",
    "ginkgo/testrunner",
    "ginkgo/testsuite",
    "ginkgo/watch",
    "internal/codelocation",
    "internal/containernode",
    "internal/failer",
    "internal/leafnodes",
    "internal/remote",
    "internal/spec",
    "internal/spec_iterator",
    "internal/specrunner",
    "internal/suite",
    "internal/testingtproxy",
    "internal/writer",
    "reporters",
    "reporters/stenographer",
    "reporters/stenographer/support/go-colorable",
    "reporters/stenographer/support/go-isatty",
    "types",
  ]
  pruneopts = "NUT"
  revision = "40598150331533e3cd497f21dcce387dae84b561"
  version = "v1.12.0"

[[projects]]
  digest = "1:ebf3be88d533b1eafffb944d11cf3bfa90f55c0fd1cb7d47d6fe3a1b3fcd3bf0"
  name = "github.com/onsi/gomega"
  packages = [
    ".",
    "format",
    "gbytes",
    "gexec",
    "ghttp",
    "internal/assertion",
    "internal/asyncassertion",
    "internal/oraclematcher",
    "internal/testingtsupport",
    "matchers",
    "matchers/support/goraph/bipartitegraph",
    "matchers/support/goraph/edge",
    "matchers/support/goraph/node",
    "matchers/support/goraph/util",
    "types",
  ]
  pruneopts = "NUT"
  revision = "6be6c439588487cd908a3a700795660c2a16dfec"
  version = "v1.9.0"

[[projects]]
  branch = "master"
  digest = "1:13979d473f6b97aeadb4a882bf4c519324ced3975479e54686e08c3e9e50bc25"
  name = "github.com/pivotal-cf/paraphernalia"
  packages = ["secure/tlsconfig"]
  pruneopts = "NUT"
  revision = "a64ae2051c20c5cde13292a41db01029566134ba"

[[projects]]
  digest = "1:0dbc6fba2dc1190b37bd69a44a8f898221e5ea5d41942b7b50a4f2c32b928462"
  name = "github.com/vito/go-interact"
  packages = [
    "interact",
    "interact/terminal",
  ]
  pruneopts = "NUT"
  revision = "4f1a3a40eb4d79b8b1bca90afecaac6c0cb06925"
  version = "v1.0.0"

[[projects]]
  digest = "1:e2dceb4919804b12b8faa56c44f4597fb9e37c2a5a3a2ca992319c86507342ab"
  name = "go.opencensus.io"
  packages = [
    ".",
    "internal",
    "internal/tagencoding",
    "metric/metricdata",
    "metric/metricproducer",
    "plugin/ochttp",
    "plugin/ochttp/propagation/b3",
    "resource",
    "stats",
    "stats/internal",
    "stats/view",
    "tag",
    "trace",
    "trace/internal",
    "trace/propagation",
    "trace/tracestate",
  ]
  pruneopts = "NUT"
  revision = "d835ff86be02193d324330acdb7d65546b05f814"
  version = "v0.22.3"

[[projects]]
  branch = "master"
  digest = "1:6e1c920ea3db4587fb5359a1092464135319552234a2ff2c675ce2431f520627"
  name = "golang.org/x/crypto"
  packages = [
    "blowfish",
    "chacha20",
    "curve25519",
    "ed25519",
    "ed25519/internal/edwards25519",
    "internal/subtle",
    "poly1305",
    "ssh",
    "ssh/internal/bcrypt_pbkdf",
    "ssh/terminal",
  ]
  pruneopts = "NUT"
  revision = "ecb85df213405b7d32e4d73cb5bbaace2ec88881"

[[projects]]
  branch = "master"
  digest = "1:7b726e4be970ebfbdfd32a7b079cf4d53049e95b1b33ccd222af0d2dbef38617"
  name = "golang.org/x/exp"
  packages = [
    "apidiff",
    "cmd/apidiff",
  ]
  pruneopts = "NUT"
  revision = "f17229e696bd4e065144fd6ae1313e41515abbdc"

[[projects]]
  branch = "master"
  digest = "1:5b8b10c6c3a2c1b4131a1e05de506f8a544ff4ede7cd26cdfcdef4fc2a5b1510"
  name = "golang.org/x/lint"
  packages = [
    ".",
    "golint",
  ]
  pruneopts = "NUT"
  revision = "910be7a94367618fd0fd25eaabbee4fdc0ac7092"

[[projects]]
  branch = "master"
  digest = "1:e1d5c249d3971ab3eeeb471822bdc476a15db8e5d4c42696a8648b4ccf8f54d9"
  name = "golang.org/x/net"
  packages = [
    "context",
    "context/ctxhttp",
    "html",
    "html/atom",
    "html/charset",
    "http/httpguts",
    "http2",
    "http2/hpack",
    "idna",
    "internal/socks",
    "internal/timeseries",
    "proxy",
    "trace",
  ]
  pruneopts = "NUT"
  revision = "16171245cfb220d5317888b716d69c1fb4e7992b"

[[projects]]
  branch = "master"
  digest = "1:b16c67a209af9d3ecf1e09d1ccee69ae6a04a6d07763819cab2b7001e8ac21de"
  name = "golang.org/x/oauth2"
  packages = [
    ".",
    "google",
    "internal",
    "jws",
    "jwt",
  ]
  pruneopts = "NUT"
  revision = "bf48bf16ab8d622ce64ec6ce98d2c98f916b6303"

[[projects]]
  branch = "master"
  digest = "1:db930a38f2ce644d060bc2e85c29c75f8d7987ebd12019d95b361de7cf0277b4"
  name = "golang.org/x/sys"
  packages = [
    "cpu",
    "unix",
    "windows",
  ]
  pruneopts = "NUT"
  revision = "d101bd2416d505c0448a6ce8a282482678040a89"

[[projects]]
  digest = "1:28deae5fe892797ff37a317b5bcda96d11d1c90dadd89f1337651df3bc4c586e"
  name = "golang.org/x/text"
  packages = [
    "collate",
    "collate/build",
    "encoding",
    "encoding/charmap",
    "encoding/htmlindex",
    "encoding/internal",
    "encoding/internal/identifier",
    "encoding/japanese",
    "encoding/korean",
    "encoding/simplifiedchinese",
    "encoding/traditionalchinese",
    "encoding/unicode",
    "internal/colltab",
    "internal/gen",
    "internal/language",
    "internal/language/compact",
    "internal/tag",
    "internal/triegen",
    "internal/ucd",
    "internal/utf8internal",
    "language",
    "runes",
    "secure/bidirule",
    "transform",
    "unicode/bidi",
    "unicode/cldr",
    "unicode/norm",
    "unicode/rangetable",
  ]
  pruneopts = "NUT"
  revision = "342b2e1fbaa52c93f31447ad2c6abc048c63e475"
  version = "v0.3.2"

[[projects]]
  branch = "master"
  digest = "1:a25d213304f93f67890233e90dd219ba5ba98f8cf1dcdda93ae04cb5727517b7"
  name = "golang.org/x/tools"
  packages = [
    "cmd/goimports",
    "go/analysis",
    "go/analysis/passes/inspect",
    "go/ast/astutil",
    "go/ast/inspector",
    "go/buildutil",
    "go/gcexportdata",
    "go/internal/gcimporter",
    "go/internal/packagesdriver",
    "go/packages",
    "go/types/objectpath",
    "go/types/typeutil",
    "imports",
    "internal/fastwalk",
    "internal/gopathwalk",
    "internal/imports",
    "internal/module",
    "internal/packagesinternal",
    "internal/semver",
  ]
  pruneopts = "NUT"
  revision = "61798d64f0258df3b7b6e3667997eaebec9c0d99"

[[projects]]
  branch = "master"
  digest = "1:325a1b73817aa79fc85f10376ed41ea607f7dd7f6c6bfa46df6a28ef2857941f"
  name = "golang.org/x/xerrors"
  packages = [
    ".",
    "internal",
  ]
  pruneopts = "NUT"
  revision = "9bdfabe68543c54f90421aeb9a60ef8061b5b544"

[[projects]]
  digest = "1:8ca2f658c7dedd9f4097bab516becf4106defc29bffa11fa4129634adcaa5ec8"
  name = "google.golang.org/api"
  packages = [
    "googleapi",
    "googleapi/transport",
    "internal",
    "internal/gensupport",
    "internal/third_party/uritemplates",
    "iterator",
    "option",
    "storage/v1",
    "transport/http",
    "transport/http/internal/propagation",
  ]
  pruneopts = "NUT"
  revision = "6f5c88b9e8c709c0f1fff128c30b041c71d14da4"
  version = "v0.17.0"

[[projects]]
  digest = "1:c381a96ea5276e8c5e98b2fa4fab83be71a959ff37dc51117555dc5059390c18"
  name = "google.golang.org/appengine"
  packages = [
    ".",
    "internal",
    "internal/app_identity",
    "internal/base",
    "internal/datastore",
    "internal/log",
    "internal/modules",
    "internal/remote_api",
    "internal/urlfetch",
    "urlfetch",
  ]
  pruneopts = "NUT"
  revision = "971852bfffca25b069c31162ae8f247a3dba083b"
  version = "v1.6.5"

[[projects]]
  branch = "master"
  digest = "1:5a7bdfd51baef69881121709cf4dc049b1be1c0a27402feb26a1d365530725b5"
  name = "google.golang.org/genproto"
  packages = [
    "googleapis/api/annotations",
    "googleapis/iam/v1",
    "googleapis/rpc/code",
    "googleapis/rpc/status",
    "googleapis/type/expr",
  ]
  pruneopts = "NUT"
  revision = "4f3edf09f4f643aee978706652368efb6e407faa"

[[projects]]
  digest = "1:ad113f760f5a2a924fd1ea324539df77f3e0166bbaf7f886985fbb447737323b"
  name = "google.golang.org/grpc"
  packages = [
    ".",
    "attributes",
    "backoff",
    "balancer",
    "balancer/base",
    "balancer/roundrobin",
    "binarylog/grpc_binarylog_v1",
    "codes",
    "connectivity",
    "credentials",
    "credentials/internal",
    "encoding",
    "encoding/proto",
    "grpclog",
    "internal",
    "internal/backoff",
    "internal/balancerload",
    "internal/binarylog",
    "internal/buffer",
    "internal/channelz",
    "internal/envconfig",
    "internal/grpcrand",
    "internal/grpcsync",
    "internal/resolver/dns",
    "internal/resolver/passthrough",
    "internal/syscall",
    "internal/transport",
    "keepalive",
    "metadata",
    "naming",
    "peer",
    "resolver",
    "serviceconfig",
    "stats",
    "status",
    "tap",
  ]
  pruneopts = "NUT"
  revision = "f495f5b15ae7ccda3b38c53a1bfcde4c1a58a2bc"
  version = "v1.27.1"

[[projects]]
  digest = "1:1b91ae0dc69a41d4c2ed23ea5cffb721ea63f5037ca4b81e6d6771fbb8f45129"
  name = "gopkg.in/fsnotify.v1"
  packages = ["."]
  pruneopts = "NUT"
  revision = "c2828203cd70a50dcccfb2761f8b1f8ceef9a8e9"
  source = "https://github.com/fsnotify/fsnotify.git"
  version = "v1.4.7"

[[projects]]
  branch = "v1"
  digest = "1:8fb1ccb16a6cfecbfdfeb84d8ea1cc7afa8f9ef16526bc2326f72d993e32cef1"
  name = "gopkg.in/tomb.v1"
  packages = ["."]
  pruneopts = "NUT"
  revision = "dd632973f1e7218eb1089048e0798ec9ae7dceb8"

[[projects]]
  digest = "1:d9b9ac6943a512737f76bf3d61b08d97121c66686bc02ffc231313563230b468"
  name = "gopkg.in/yaml.v2"
  packages = ["."]
  pruneopts = "NUT"
  revision = "53403b58ad1b561927d19068c655246f2db79d48"
  version = "v2.2.8"

[[projects]]
  digest = "1:41dcca9245f5ee3e71365b39b1eed7f4c8d8d50a4c5397cd3ac21a3c7a8866ef"
  name = "honnef.co/go/tools"
  packages = [
    "arg",
    "cmd/staticcheck",
    "config",
    "deprecated",
    "facts",
    "functions",
    "go/types/typeutil",
    "internal/cache",
    "internal/passes/buildssa",
    "internal/renameio",
    "internal/sharedcheck",
    "lint",
    "lint/lintdsl",
    "lint/lintutil",
    "lint/lintutil/format",
    "loader",
    "printf",
    "simple",
    "ssa",
    "ssautil",
    "staticcheck",
    "staticcheck/vrp",
    "stylecheck",
    "unused",
    "version",
  ]
  pruneopts = "NUT"
  revision = "afd67930eec2a9ed3e9b19f684d17a062285f16a"
  version = "2019.2.3"

[solve-meta]
  analyzer-name = "dep"
  analyzer-version = 1
  input-imports = [
    "code.cloudfoundry.org/clock",
    "code.cloudfoundry.org/clock/fakeclock",
    "code.cloudfoundry.org/workpool",
    "github.com/cheggaaa/pb",
    "github.com/cloudfoundry/bosh-agent/agentclient",
    "github.com/cloudfoundry/bosh-agent/agentclient/applyspec",
    "github.com/cloudfoundry/bosh-agent/agentclient/fakes",
    "github.com/cloudfoundry/bosh-agent/agentclient/http",
    "github.com/cloudfoundry/bosh-agent/agentclient/http/mocks",
    "github.com/cloudfoundry/bosh-davcli/client",
    "github.com/cloudfoundry/bosh-davcli/client/fakes",
    "github.com/cloudfoundry/bosh-davcli/config",
    "github.com/cloudfoundry/bosh-gcscli/client",
    "github.com/cloudfoundry/bosh-gcscli/config",
    "github.com/cloudfoundry/bosh-s3cli/client",
    "github.com/cloudfoundry/bosh-s3cli/config",
    "github.com/cloudfoundry/bosh-utils/blobstore",
    "github.com/cloudfoundry/bosh-utils/blobstore/fakes",
    "github.com/cloudfoundry/bosh-utils/crypto",
    "github.com/cloudfoundry/bosh-utils/crypto/cryptofakes",
    "github.com/cloudfoundry/bosh-utils/errors",
    "github.com/cloudfoundry/bosh-utils/fileutil",
    "github.com/cloudfoundry/bosh-utils/fileutil/fakes",
    "github.com/cloudfoundry/bosh-utils/httpclient",
    "github.com/cloudfoundry/bosh-utils/logger",
    "github.com/cloudfoundry/bosh-utils/logger/file",
    "github.com/cloudfoundry/bosh-utils/logger/loggerfakes",
    "github.com/cloudfoundry/bosh-utils/property",
    "github.com/cloudfoundry/bosh-utils/retrystrategy",
    "github.com/cloudfoundry/bosh-utils/system",
    "github.com/cloudfoundry/bosh-utils/system/fakes",
    "github.com/cloudfoundry/bosh-utils/uuid",
    "github.com/cloudfoundry/bosh-utils/uuid/fakes",
    "github.com/cloudfoundry/bosh-utils/work",
    "github.com/cloudfoundry/config-server/types",
    "github.com/cloudfoundry/config-server/types/typesfakes",
    "github.com/cloudfoundry/socks5-proxy",
    "github.com/cppforlife/go-patch/patch",
    "github.com/cppforlife/go-semi-semantic/version",
    "github.com/dustin/go-humanize",
    "github.com/fatih/color",
    "github.com/golang/mock/gomock",
    "github.com/hashicorp/go-multierror",
    "github.com/jessevdk/go-flags",
    "github.com/mattn/go-isatty",
    "github.com/maxbrunsfeld/counterfeiter",
    "github.com/onsi/ginkgo",
    "github.com/onsi/ginkgo/extensions/table",
    "github.com/onsi/ginkgo/ginkgo",
    "github.com/onsi/gomega",
    "github.com/onsi/gomega/format",
    "github.com/onsi/gomega/gbytes",
    "github.com/onsi/gomega/gexec",
    "github.com/onsi/gomega/ghttp",
    "github.com/onsi/gomega/types",
    "github.com/vito/go-interact/interact",
    "golang.org/x/crypto/ssh",
    "gopkg.in/yaml.v2",
  ]
  solver-name = "gps-cdcl"
  solver-version = 1
